// !$*UTF8*$!
{
	archiveVersion = 1;
	classes = {
	};
	objectVersion = 50;
	objects = {

/* Begin PBXBuildFile section */
		B13690FD22F574B500DD907B /* AppDelegate.swift in Sources */ = {isa = PBXBuildFile; fileRef = B13690FC22F574B500DD907B /* AppDelegate.swift */; };
		B13690FF22F574B500DD907B /* ViewController.swift in Sources */ = {isa = PBXBuildFile; fileRef = B13690FE22F574B500DD907B /* ViewController.swift */; };
		B136910222F574B500DD907B /* Main.storyboard in Resources */ = {isa = PBXBuildFile; fileRef = B136910022F574B500DD907B /* Main.storyboard */; };
		B136910422F574B600DD907B /* Assets.xcassets in Resources */ = {isa = PBXBuildFile; fileRef = B136910322F574B600DD907B /* Assets.xcassets */; };
		B136910722F574B600DD907B /* LaunchScreen.storyboard in Resources */ = {isa = PBXBuildFile; fileRef = B136910522F574B600DD907B /* LaunchScreen.storyboard */; };
		B136911222F574B600DD907B /* MarubatuAppTests.swift in Sources */ = {isa = PBXBuildFile; fileRef = B136911122F574B600DD907B /* MarubatuAppTests.swift */; };
		B136911D22F574B600DD907B /* MarubatuAppUITests.swift in Sources */ = {isa = PBXBuildFile; fileRef = B136911C22F574B600DD907B /* MarubatuAppUITests.swift */; };
/* End PBXBuildFile section */

/* Begin PBXContainerItemProxy section */
		B136910E22F574B600DD907B /* PBXContainerItemProxy */ = {
			isa = PBXContainerItemProxy;
			containerPortal = B13690F122F574B500DD907B /* Project object */;
			proxyType = 1;
			remoteGlobalIDString = B13690F822F574B500DD907B;
			remoteInfo = MarubatuApp;
		};
		B136911922F574B600DD907B /* PBXContainerItemProxy */ = {
			isa = PBXContainerItemProxy;
			containerPortal = B13690F122F574B500DD907B /* Project object */;
			proxyType = 1;
			remoteGlobalIDString = B13690F822F574B500DD907B;
			remoteInfo = MarubatuApp;
		};
/* End PBXContainerItemProxy section */

/* Begin PBXFileReference section */
		B13690F922F574B500DD907B /* MarubatuApp.app */ = {isa = PBXFileReference; explicitFileType = wrapper.application; includeInIndex = 0; path = MarubatuApp.app; sourceTree = BUILT_PRODUCTS_DIR; };
		B13690FC22F574B500DD907B /* AppDelegate.swift */ = {isa = PBXFileReference; lastKnownFileType = sourcecode.swift; path = AppDelegate.swift; sourceTree = "<group>"; };
		B13690FE22F574B500DD907B /* ViewController.swift */ = {isa = PBXFileReference; lastKnownFileType = sourcecode.swift; path = ViewController.swift; sourceTree = "<group>"; };
		B136910122F574B500DD907B /* Base */ = {isa = PBXFileReference; lastKnownFileType = file.storyboard; name = Base; path = Base.lproj/Main.storyboard; sourceTree = "<group>"; };
		B136910322F574B600DD907B /* Assets.xcassets */ = {isa = PBXFileReference; lastKnownFileType = folder.assetcatalog; path = Assets.xcassets; sourceTree = "<group>"; };
		B136910622F574B600DD907B /* Base */ = {isa = PBXFileReference; lastKnownFileType = file.storyboard; name = Base; path = Base.lproj/LaunchScreen.storyboard; sourceTree = "<group>"; };
		B136910822F574B600DD907B /* Info.plist */ = {isa = PBXFileReference; lastKnownFileType = text.plist.xml; path = Info.plist; sourceTree = "<group>"; };
		B136910D22F574B600DD907B /* MarubatuAppTests.xctest */ = {isa = PBXFileReference; explicitFileType = wrapper.cfbundle; includeInIndex = 0; path = MarubatuAppTests.xctest; sourceTree = BUILT_PRODUCTS_DIR; };
		B136911122F574B600DD907B /* MarubatuAppTests.swift */ = {isa = PBXFileReference; lastKnownFileType = sourcecode.swift; path = MarubatuAppTests.swift; sourceTree = "<group>"; };
		B136911322F574B600DD907B /* Info.plist */ = {isa = PBXFileReference; lastKnownFileType = text.plist.xml; path = Info.plist; sourceTree = "<group>"; };
		B136911822F574B600DD907B /* MarubatuAppUITests.xctest */ = {isa = PBXFileReference; explicitFileType = wrapper.cfbundle; includeInIndex = 0; path = MarubatuAppUITests.xctest; sourceTree = BUILT_PRODUCTS_DIR; };
		B136911C22F574B600DD907B /* MarubatuAppUITests.swift */ = {isa = PBXFileReference; lastKnownFileType = sourcecode.swift; path = MarubatuAppUITests.swift; sourceTree = "<group>"; };
		B136911E22F574B600DD907B /* Info.plist */ = {isa = PBXFileReference; lastKnownFileType = text.plist.xml; path = Info.plist; sourceTree = "<group>"; };
/* End PBXFileReference section */

/* Begin PBXFrameworksBuildPhase section */
		B13690F622F574B500DD907B /* Frameworks */ = {
			isa = PBXFrameworksBuildPhase;
			buildActionMask = 2147483647;
			files = (
			);
			runOnlyForDeploymentPostprocessing = 0;
		};
		B136910A22F574B600DD907B /* Frameworks */ = {
			isa = PBXFrameworksBuildPhase;
			buildActionMask = 2147483647;
			files = (
			);
			runOnlyForDeploymentPostprocessing = 0;
		};
		B136911522F574B600DD907B /* Frameworks */ = {
			isa = PBXFrameworksBuildPhase;
			buildActionMask = 2147483647;
			files = (
			);
			runOnlyForDeploymentPostprocessing = 0;
		};
/* End PBXFrameworksBuildPhase section */

/* Begin PBXGroup section */
		B13690F022F574B500DD907B = {
			isa = PBXGroup;
			children = (
				B13690FB22F574B500DD907B /* MarubatuApp */,
				B136911022F574B600DD907B /* MarubatuAppTests */,
				B136911B22F574B600DD907B /* MarubatuAppUITests */,
				B13690FA22F574B500DD907B /* Products */,
			);
			sourceTree = "<group>";
		};
		B13690FA22F574B500DD907B /* Products */ = {
			isa = PBXGroup;
			children = (
				B13690F922F574B500DD907B /* MarubatuApp.app */,
				B136910D22F574B600DD907B /* MarubatuAppTests.xctest */,
				B136911822F574B600DD907B /* MarubatuAppUITests.xctest */,
			);
			name = Products;
			sourceTree = "<group>";
		};
		B13690FB22F574B500DD907B /* MarubatuApp */ = {
			isa = PBXGroup;
			children = (
				B13690FC22F574B500DD907B /* AppDelegate.swift */,
				B13690FE22F574B500DD907B /* ViewController.swift */,
				B136910022F574B500DD907B /* Main.storyboard */,
				B136910322F574B600DD907B /* Assets.xcassets */,
				B136910522F574B600DD907B /* LaunchScreen.storyboard */,
				B136910822F574B600DD907B /* Info.plist */,
			);
			path = MarubatuApp;
			sourceTree = "<group>";
		};
		B136911022F574B600DD907B /* MarubatuAppTests */ = {
			isa = PBXGroup;
			children = (
				B136911122F574B600DD907B /* MarubatuAppTests.swift */,
				B136911322F574B600DD907B /* Info.plist */,
			);
			path = MarubatuAppTests;
			sourceTree = "<group>";
		};
		B136911B22F574B600DD907B /* MarubatuAppUITests */ = {
			isa = PBXGroup;
			children = (
				B136911C22F574B600DD907B /* MarubatuAppUITests.swift */,
				B136911E22F574B600DD907B /* Info.plist */,
			);
			path = MarubatuAppUITests;
			sourceTree = "<group>";
		};
/* End PBXGroup section */

/* Begin PBXNativeTarget section */
		B13690F822F574B500DD907B /* MarubatuApp */ = {
			isa = PBXNativeTarget;
			buildConfigurationList = B136912122F574B600DD907B /* Build configuration list for PBXNativeTarget "MarubatuApp" */;
			buildPhases = (
				B13690F522F574B500DD907B /* Sources */,
				B13690F622F574B500DD907B /* Frameworks */,
				B13690F722F574B500DD907B /* Resources */,
			);
			buildRules = (
			);
			dependencies = (
			);
			name = MarubatuApp;
			productName = MarubatuApp;
			productReference = B13690F922F574B500DD907B /* MarubatuApp.app */;
			productType = "com.apple.product-type.application";
		};
		B136910C22F574B600DD907B /* MarubatuAppTests */ = {
			isa = PBXNativeTarget;
			buildConfigurationList = B136912422F574B600DD907B /* Build configuration list for PBXNativeTarget "MarubatuAppTests" */;
			buildPhases = (
				B136910922F574B600DD907B /* Sources */,
				B136910A22F574B600DD907B /* Frameworks */,
				B136910B22F574B600DD907B /* Resources */,
			);
			buildRules = (
			);
			dependencies = (
				B136910F22F574B600DD907B /* PBXTargetDependency */,
			);
			name = MarubatuAppTests;
			productName = MarubatuAppTests;
			productReference = B136910D22F574B600DD907B /* MarubatuAppTests.xctest */;
			productType = "com.apple.product-type.bundle.unit-test";
		};
		B136911722F574B600DD907B /* MarubatuAppUITests */ = {
			isa = PBXNativeTarget;
			buildConfigurationList = B136912722F574B600DD907B /* Build configuration list for PBXNativeTarget "MarubatuAppUITests" */;
			buildPhases = (
				B136911422F574B600DD907B /* Sources */,
				B136911522F574B600DD907B /* Frameworks */,
				B136911622F574B600DD907B /* Resources */,
			);
			buildRules = (
			);
			dependencies = (
				B136911A22F574B600DD907B /* PBXTargetDependency */,
			);
			name = MarubatuAppUITests;
			productName = MarubatuAppUITests;
			productReference = B136911822F574B600DD907B /* MarubatuAppUITests.xctest */;
			productType = "com.apple.product-type.bundle.ui-testing";
		};
/* End PBXNativeTarget section */

/* Begin PBXProject section */
		B13690F122F574B500DD907B /* Project object */ = {
			isa = PBXProject;
			attributes = {
				LastSwiftUpdateCheck = 1030;
				LastUpgradeCheck = 1030;
				ORGANIZATIONNAME = "志賀大河";
				TargetAttributes = {
					B13690F822F574B500DD907B = {
						CreatedOnToolsVersion = 10.3;
					};
					B136910C22F574B600DD907B = {
						CreatedOnToolsVersion = 10.3;
						TestTargetID = B13690F822F574B500DD907B;
					};
					B136911722F574B600DD907B = {
						CreatedOnToolsVersion = 10.3;
						TestTargetID = B13690F822F574B500DD907B;
					};
				};
			};
			buildConfigurationList = B13690F422F574B500DD907B /* Build configuration list for PBXProject "MarubatuApp" */;
			compatibilityVersion = "Xcode 9.3";
			developmentRegion = en;
			hasScannedForEncodings = 0;
			knownRegions = (
				en,
				Base,
			);
			mainGroup = B13690F022F574B500DD907B;
			productRefGroup = B13690FA22F574B500DD907B /* Products */;
			projectDirPath = "";
			projectRoot = "";
			targets = (
				B13690F822F574B500DD907B /* MarubatuApp */,
				B136910C22F574B600DD907B /* MarubatuAppTests */,
				B136911722F574B600DD907B /* MarubatuAppUITests */,
			);
		};
/* End PBXProject section */

/* Begin PBXResourcesBuildPhase section */
		B13690F722F574B500DD907B /* Resources */ = {
			isa = PBXResourcesBuildPhase;
			buildActionMask = 2147483647;
			files = (
				B136910722F574B600DD907B /* LaunchScreen.storyboard in Resources */,
				B136910422F574B600DD907B /* Assets.xcassets in Resources */,
				B136910222F574B500DD907B /* Main.storyboard in Resources */,
			);
			runOnlyForDeploymentPostprocessing = 0;
		};
		B136910B22F574B600DD907B /* Resources */ = {
			isa = PBXResourcesBuildPhase;
			buildActionMask = 2147483647;
			files = (
			);
			runOnlyForDeploymentPostprocessing = 0;
		};
		B136911622F574B600DD907B /* Resources */ = {
			isa = PBXResourcesBuildPhase;
			buildActionMask = 2147483647;
			files = (
			);
			runOnlyForDeploymentPostprocessing = 0;
		};
/* End PBXResourcesBuildPhase section */

/* Begin PBXSourcesBuildPhase section */
		B13690F522F574B500DD907B /* Sources */ = {
			isa = PBXSourcesBuildPhase;
			buildActionMask = 2147483647;
			files = (
				B13690FF22F574B500DD907B /* ViewController.swift in Sources */,
				B13690FD22F574B500DD907B /* AppDelegate.swift in Sources */,
			);
			runOnlyForDeploymentPostprocessing = 0;
		};
		B136910922F574B600DD907B /* Sources */ = {
			isa = PBXSourcesBuildPhase;
			buildActionMask = 2147483647;
			files = (
				B136911222F574B600DD907B /* MarubatuAppTests.swift in Sources */,
			);
			runOnlyForDeploymentPostprocessing = 0;
		};
		B136911422F574B600DD907B /* Sources */ = {
			isa = PBXSourcesBuildPhase;
			buildActionMask = 2147483647;
			files = (
				B136911D22F574B600DD907B /* MarubatuAppUITests.swift in Sources */,
			);
			runOnlyForDeploymentPostprocessing = 0;
		};
/* End PBXSourcesBuildPhase section */

/* Begin PBXTargetDependency section */
		B136910F22F574B600DD907B /* PBXTargetDependency */ = {
			isa = PBXTargetDependency;
			target = B13690F822F574B500DD907B /* MarubatuApp */;
			targetProxy = B136910E22F574B600DD907B /* PBXContainerItemProxy */;
		};
		B136911A22F574B600DD907B /* PBXTargetDependency */ = {
			isa = PBXTargetDependency;
			target = B13690F822F574B500DD907B /* MarubatuApp */;
			targetProxy = B136911922F574B600DD907B /* PBXContainerItemProxy */;
		};
/* End PBXTargetDependency section */

/* Begin PBXVariantGroup section */
		B136910022F574B500DD907B /* Main.storyboard */ = {
			isa = PBXVariantGroup;
			children = (
				B136910122F574B500DD907B /* Base */,
			);
			name = Main.storyboard;
			sourceTree = "<group>";
		};
		B136910522F574B600DD907B /* LaunchScreen.storyboard */ = {
			isa = PBXVariantGroup;
			children = (
				B136910622F574B600DD907B /* Base */,
			);
			name = LaunchScreen.storyboard;
			sourceTree = "<group>";
		};
/* End PBXVariantGroup section */

/* Begin XCBuildConfiguration section */
		B136911F22F574B600DD907B /* Debug */ = {
			isa = XCBuildConfiguration;
			buildSettings = {
				ALWAYS_SEARCH_USER_PATHS = NO;
				CLANG_ANALYZER_NONNULL = YES;
				CLANG_ANALYZER_NUMBER_OBJECT_CONVERSION = YES_AGGRESSIVE;
				CLANG_CXX_LANGUAGE_STANDARD = "gnu++14";
				CLANG_CXX_LIBRARY = "libc++";
				CLANG_ENABLE_MODULES = YES;
				CLANG_ENABLE_OBJC_ARC = YES;
				CLANG_ENABLE_OBJC_WEAK = YES;
				CLANG_WARN_BLOCK_CAPTURE_AUTORELEASING = YES;
				CLANG_WARN_BOOL_CONVERSION = YES;
				CLANG_WARN_COMMA = YES;
				CLANG_WARN_CONSTANT_CONVERSION = YES;
				CLANG_WARN_DEPRECATED_OBJC_IMPLEMENTATIONS = YES;
				CLANG_WARN_DIRECT_OBJC_ISA_USAGE = YES_ERROR;
				CLANG_WARN_DOCUMENTATION_COMMENTS = YES;
				CLANG_WARN_EMPTY_BODY = YES;
				CLANG_WARN_ENUM_CONVERSION = YES;
				CLANG_WARN_INFINITE_RECURSION = YES;
				CLANG_WARN_INT_CONVERSION = YES;
				CLANG_WARN_NON_LITERAL_NULL_CONVERSION = YES;
				CLANG_WARN_OBJC_IMPLICIT_RETAIN_SELF = YES;
				CLANG_WARN_OBJC_LITERAL_CONVERSION = YES;
				CLANG_WARN_OBJC_ROOT_CLASS = YES_ERROR;
				CLANG_WARN_RANGE_LOOP_ANALYSIS = YES;
				CLANG_WARN_STRICT_PROTOTYPES = YES;
				CLANG_WARN_SUSPICIOUS_MOVE = YES;
				CLANG_WARN_UNGUARDED_AVAILABILITY = YES_AGGRESSIVE;
				CLANG_WARN_UNREACHABLE_CODE = YES;
				CLANG_WARN__DUPLICATE_METHOD_MATCH = YES;
				CODE_SIGN_IDENTITY = "iPhone Developer";
				COPY_PHASE_STRIP = NO;
				DEBUG_INFORMATION_FORMAT = dwarf;
				ENABLE_STRICT_OBJC_MSGSEND = YES;
				ENABLE_TESTABILITY = YES;
				GCC_C_LANGUAGE_STANDARD = gnu11;
				GCC_DYNAMIC_NO_PIC = NO;
				GCC_NO_COMMON_BLOCKS = YES;
				GCC_OPTIMIZATION_LEVEL = 0;
				GCC_PREPROCESSOR_DEFINITIONS = (
					"DEBUG=1",
					"$(inherited)",
				);
				GCC_WARN_64_TO_32_BIT_CONVERSION = YES;
				GCC_WARN_ABOUT_RETURN_TYPE = YES_ERROR;
				GCC_WARN_UNDECLARED_SELECTOR = YES;
				GCC_WARN_UNINITIALIZED_AUTOS = YES_AGGRESSIVE;
				GCC_WARN_UNUSED_FUNCTION = YES;
				GCC_WARN_UNUSED_VARIABLE = YES;
				IPHONEOS_DEPLOYMENT_TARGET = 12.4;
				MTL_ENABLE_DEBUG_INFO = INCLUDE_SOURCE;
				MTL_FAST_MATH = YES;
				ONLY_ACTIVE_ARCH = YES;
				SDKROOT = iphoneos;
				SWIFT_ACTIVE_COMPILATION_CONDITIONS = DEBUG;
				SWIFT_OPTIMIZATION_LEVEL = "-Onone";
			};
			name = Debug;
		};
		B136912022F574B600DD907B /* Release */ = {
			isa = XCBuildConfiguration;
			buildSettings = {
				ALWAYS_SEARCH_USER_PATHS = NO;
				CLANG_ANALYZER_NONNULL = YES;
				CLANG_ANALYZER_NUMBER_OBJECT_CONVERSION = YES_AGGRESSIVE;
				CLANG_CXX_LANGUAGE_STANDARD = "gnu++14";
				CLANG_CXX_LIBRARY = "libc++";
				CLANG_ENABLE_MODULES = YES;
				CLANG_ENABLE_OBJC_ARC = YES;
				CLANG_ENABLE_OBJC_WEAK = YES;
				CLANG_WARN_BLOCK_CAPTURE_AUTORELEASING = YES;
				CLANG_WARN_BOOL_CONVERSION = YES;
				CLANG_WARN_COMMA = YES;
				CLANG_WARN_CONSTANT_CONVERSION = YES;
				CLANG_WARN_DEPRECATED_OBJC_IMPLEMENTATIONS = YES;
				CLANG_WARN_DIRECT_OBJC_ISA_USAGE = YES_ERROR;
				CLANG_WARN_DOCUMENTATION_COMMENTS = YES;
				CLANG_WARN_EMPTY_BODY = YES;
				CLANG_WARN_ENUM_CONVERSION = YES;
				CLANG_WARN_INFINITE_RECURSION = YES;
				CLANG_WARN_INT_CONVERSION = YES;
				CLANG_WARN_NON_LITERAL_NULL_CONVERSION = YES;
				CLANG_WARN_OBJC_IMPLICIT_RETAIN_SELF = YES;
				CLANG_WARN_OBJC_LITERAL_CONVERSION = YES;
				CLANG_WARN_OBJC_ROOT_CLASS = YES_ERROR;
				CLANG_WARN_RANGE_LOOP_ANALYSIS = YES;
				CLANG_WARN_STRICT_PROTOTYPES = YES;
				CLANG_WARN_SUSPICIOUS_MOVE = YES;
				CLANG_WARN_UNGUARDED_AVAILABILITY = YES_AGGRESSIVE;
				CLANG_WARN_UNREACHABLE_CODE = YES;
				CLANG_WARN__DUPLICATE_METHOD_MATCH = YES;
				CODE_SIGN_IDENTITY = "iPhone Developer";
				COPY_PHASE_STRIP = NO;
				DEBUG_INFORMATION_FORMAT = "dwarf-with-dsym";
				ENABLE_NS_ASSERTIONS = NO;
				ENABLE_STRICT_OBJC_MSGSEND = YES;
				GCC_C_LANGUAGE_STANDARD = gnu11;
				GCC_NO_COMMON_BLOCKS = YES;
				GCC_WARN_64_TO_32_BIT_CONVERSION = YES;
				GCC_WARN_ABOUT_RETURN_TYPE = YES_ERROR;
				GCC_WARN_UNDECLARED_SELECTOR = YES;
				GCC_WARN_UNINITIALIZED_AUTOS = YES_AGGRESSIVE;
				GCC_WARN_UNUSED_FUNCTION = YES;
				GCC_WARN_UNUSED_VARIABLE = YES;
				IPHONEOS_DEPLOYMENT_TARGET = 12.4;
				MTL_ENABLE_DEBUG_INFO = NO;
				MTL_FAST_MATH = YES;
				SDKROOT = iphoneos;
				SWIFT_COMPILATION_MODE = wholemodule;
				SWIFT_OPTIMIZATION_LEVEL = "-O";
				VALIDATE_PRODUCT = YES;
			};
			name = Release;
		};
		B136912222F574B600DD907B /* Debug */ = {
			isa = XCBuildConfiguration;
			buildSettings = {
				ASSETCATALOG_COMPILER_APPICON_NAME = AppIcon;
				CODE_SIGN_STYLE = Automatic;
				INFOPLIST_FILE = MarubatuApp/Info.plist;
				LD_RUNPATH_SEARCH_PATHS = (
					"$(inherited)",
					"@executable_path/Frameworks",
				);
				PRODUCT_BUNDLE_IDENTIFIER = project.MarubatuApp;
				PRODUCT_NAME = "$(TARGET_NAME)";
				SWIFT_VERSION = 5.0;
				TARGETED_DEVICE_FAMILY = "1,2";
			};
			name = Debug;
		};
		B136912322F574B600DD907B /* Release */ = {
			isa = XCBuildConfiguration;
			buildSettings = {
				ASSETCATALOG_COMPILER_APPICON_NAME = AppIcon;
				CODE_SIGN_STYLE = Automatic;
				INFOPLIST_FILE = MarubatuApp/Info.plist;
				LD_RUNPATH_SEARCH_PATHS = (
					"$(inherited)",
					"@executable_path/Frameworks",
				);
				PRODUCT_BUNDLE_IDENTIFIER = project.MarubatuApp;
				PRODUCT_NAME = "$(TARGET_NAME)";
				SWIFT_VERSION = 5.0;
				TARGETED_DEVICE_FAMILY = "1,2";
			};
			name = Release;
		};
		B136912522F574B600DD907B /* Debug */ = {
			isa = XCBuildConfiguration;
			buildSettings = {
				ALWAYS_EMBED_SWIFT_STANDARD_LIBRARIES = YES;
				BUNDLE_LOADER = "$(TEST_HOST)";
				CODE_SIGN_STYLE = Automatic;
				INFOPLIST_FILE = MarubatuAppTests/Info.plist;
				LD_RUNPATH_SEARCH_PATHS = (
					"$(inherited)",
					"@executable_path/Frameworks",
					"@loader_path/Frameworks",
				);
				PRODUCT_BUNDLE_IDENTIFIER = project.MarubatuAppTests;
				PRODUCT_NAME = "$(TARGET_NAME)";
				SWIFT_VERSION = 5.0;
				TARGETED_DEVICE_FAMILY = "1,2";
				TEST_HOST = "$(BUILT_PRODUCTS_DIR)/MarubatuApp.app/MarubatuApp";
			};
			name = Debug;
		};
		B136912622F574B600DD907B /* Release */ = {
			isa = XCBuildConfiguration;
			buildSettings = {
				ALWAYS_EMBED_SWIFT_STANDARD_LIBRARIES = YES;
				BUNDLE_LOADER = "$(TEST_HOST)";
				CODE_SIGN_STYLE = Automatic;
				INFOPLIST_FILE = MarubatuAppTests/Info.plist;
				LD_RUNPATH_SEARCH_PATHS = (
					"$(inherited)",
					"@executable_path/Frameworks",
					"@loader_path/Frameworks",
				);
				PRODUCT_BUNDLE_IDENTIFIER = project.MarubatuAppTests;
				PRODUCT_NAME = "$(TARGET_NAME)";
				SWIFT_VERSION = 5.0;
				TARGETED_DEVICE_FAMILY = "1,2";
				TEST_HOST = "$(BUILT_PRODUCTS_DIR)/MarubatuApp.app/MarubatuApp";
			};
			name = Release;
		};
		B136912822F574B600DD907B /* Debug */ = {
			isa = XCBuildConfiguration;
			buildSettings = {
				ALWAYS_EMBED_SWIFT_STANDARD_LIBRARIES = YES;
				CODE_SIGN_STYLE = Automatic;
				INFOPLIST_FILE = MarubatuAppUITests/Info.plist;
				LD_RUNPATH_SEARCH_PATHS = (
					"$(inherited)",
					"@executable_path/Frameworks",
					"@loader_path/Frameworks",
				);
				PRODUCT_BUNDLE_IDENTIFIER = project.MarubatuAppUITests;
				PRODUCT_NAME = "$(TARGET_NAME)";
				SWIFT_VERSION = 5.0;
				TARGETED_DEVICE_FAMILY = "1,2";
				TEST_TARGET_NAME = MarubatuApp;
			};
			name = Debug;
		};
		B136912922F574B600DD907B /* Release */ = {
			isa = XCBuildConfiguration;
			buildSettings = {
				ALWAYS_EMBED_SWIFT_STANDARD_LIBRARIES = YES;
				CODE_SIGN_STYLE = Automatic;
				INFOPLIST_FILE = MarubatuAppUITests/Info.plist;
				LD_RUNPATH_SEARCH_PATHS = (
					"$(inherited)",
					"@executable_path/Frameworks",
					"@loader_path/Frameworks",
				);
				PRODUCT_BUNDLE_IDENTIFIER = project.MarubatuAppUITests;
				PRODUCT_NAME = "$(TARGET_NAME)";
				SWIFT_VERSION = 5.0;
				TARGETED_DEVICE_FAMILY = "1,2";
				TEST_TARGET_NAME = MarubatuApp;
			};
			name = Release;
		};
/* End XCBuildConfiguration section */

/* Begin XCConfigurationList section */
		B13690F422F574B500DD907B /* Build configuration list for PBXProject "MarubatuApp" */ = {
			isa = XCConfigurationList;
			buildConfigurations = (
				B136911F22F574B600DD907B /* Debug */,
				B136912022F574B600DD907B /* Release */,
			);
			defaultConfigurationIsVisible = 0;
			defaultConfigurationName = Release;
		};
		B136912122F574B600DD907B /* Build configuration list for PBXNativeTarget "MarubatuApp" */ = {
			isa = XCConfigurationList;
			buildConfigurations = (
				B136912222F574B600DD907B /* Debug */,
				B136912322F574B600DD907B /* Release */,
			);
			defaultConfigurationIsVisible = 0;
			defaultConfigurationName = Release;
		};
		B136912422F574B600DD907B /* Build configuration list for PBXNativeTarget "MarubatuAppTests" */ = {
			isa = XCConfigurationList;
			buildConfigurations = (
				B136912522F574B600DD907B /* Debug */,
				B136912622F574B600DD907B /* Release */,
			);
			defaultConfigurationIsVisible = 0;
			defaultConfigurationName = Release;
		};
		B136912722F574B600DD907B /* Build configuration list for PBXNativeTarget "MarubatuAppUITests" */ = {
			isa = XCConfigurationList;
			buildConfigurations = (
				B136912822F574B600DD907B /* Debug */,
				B136912922F574B600DD907B /* Release */,
			);
			defaultConfigurationIsVisible = 0;
			defaultConfigurationName = Release;
		};
/* End XCConfigurationList section */
	};
	rootObject = B13690F122F574B500DD907B /* Project object */;
}
